
Microsoft Visual Studio Solution File, Format Version 12.00
# Visual Studio Version 17
VisualStudioVersion = 17.4.33213.308
MinimumVisualStudioVersion = 10.0.40219.1
Project("{9A19103F-16F7-4668-BE54-9A1E7A4F7556}") = "GuessingGame.UI", "GuessingGame.UI\GuessingGame.UI.csproj", "{FC435DE9-4666-41E0-B507-D86239F830D9}"
EndProject
Project("{FAE04EC0-301F-11D3-BF4B-00C04F79EFBC}") = "GuessingGame.Tests", "GuessingGame.Tests\GuessingGame.Tests.csproj", "{AAA95A39-F028-4E59-9877-BFAB0D74F80F}"
EndProject
Global
	GlobalSection(SolutionConfigurationPlatforms) = preSolution
		Debug|Any CPU = Debug|Any CPU
		Release|Any CPU = Release|Any CPU
	EndGlobalSection
	GlobalSection(ProjectConfigurationPlatforms) = postSolution
		{FC435DE9-4666-41E0-B507-D86239F830D9}.Debug|Any CPU.ActiveCfg = Debug|Any CPU
		{FC435DE9-4666-41E0-B507-D86239F830D9}.Debug|Any CPU.Build.0 = Debug|Any CPU
		{FC435DE9-4666-41E0-B507-D86239F830D9}.Release|Any CPU.ActiveCfg = Release|Any CPU
		{FC435DE9-4666-41E0-B507-D86239F830D9}.Release|Any CPU.Build.0 = Release|Any CPU
		{AAA95A39-F028-4E59-9877-BFAB0D74F80F}.Debug|Any CPU.ActiveCfg = Debug|Any CPU
		{AAA95A39-F028-4E59-9877-BFAB0D74F80F}.Debug|Any CPU.Build.0 = Debug|Any CPU
		{AAA95A39-F028-4E59-9877-BFAB0D74F80F}.Release|Any CPU.ActiveCfg = Release|Any CPU
		{AAA95A39-F028-4E59-9877-BFAB0D74F80F}.Release|Any CPU.Build.0 = Release|Any CPU
	EndGlobalSection
	GlobalSection(SolutionProperties) = preSolution
		HideSolutionNode = FALSE
	EndGlobalSection
	GlobalSection(ExtensibilityGlobals) = postSolution
		SolutionGuid = {B80CDAD6-F999-495F-BCC2-8B4F2E2B88B4}
	EndGlobalSection
EndGlobal
