
Microsoft Visual Studio Solution File, Format Version 12.00
# Visual Studio Version 17
VisualStudioVersion = 17.4.33213.308
MinimumVisualStudioVersion = 10.0.40219.1
Project("{FAE04EC0-301F-11D3-BF4B-00C04F79EFBC}") = "NuGetPackagesDemo", "NuGetPackagesDemo.csproj", "{DCE24178-1395-43C4-9515-5841E93C4324}"
EndProject
Global
	GlobalSection(SolutionConfigurationPlatforms) = preSolution
		Debug|Any CPU = Debug|Any CPU
		Release|Any CPU = Release|Any CPU
	EndGlobalSection
	GlobalSection(ProjectConfigurationPlatforms) = postSolution
		{DCE24178-1395-43C4-9515-5841E93C4324}.Debug|Any CPU.ActiveCfg = Debug|Any CPU
		{DCE24178-1395-43C4-9515-5841E93C4324}.Debug|Any CPU.Build.0 = Debug|Any CPU
		{DCE24178-1395-43C4-9515-5841E93C4324}.Release|Any CPU.ActiveCfg = Release|Any CPU
		{DCE24178-1395-43C4-9515-5841E93C4324}.Release|Any CPU.Build.0 = Release|Any CPU
	EndGlobalSection
	GlobalSection(SolutionProperties) = preSolution
		HideSolutionNode = FALSE
	EndGlobalSection
	GlobalSection(ExtensibilityGlobals) = postSolution
		SolutionGuid = {A3E33315-090E-42F9-89B9-250CDFDD70EB}
	EndGlobalSection
EndGlobal
