
Microsoft Visual Studio Solution File, Format Version 12.00
# Visual Studio Version 17
VisualStudioVersion = 17.4.33213.308
MinimumVisualStudioVersion = 10.0.40219.1
Project("{FAE04EC0-301F-11D3-BF4B-00C04F79EFBC}") = "RockPaperScissors", "RockPaperScissors.csproj", "{F58574DF-4A8F-4587-B18E-6E9CD83669E2}"
EndProject
Global
	GlobalSection(SolutionConfigurationPlatforms) = preSolution
		Debug|Any CPU = Debug|Any CPU
		Release|Any CPU = Release|Any CPU
	EndGlobalSection
	GlobalSection(ProjectConfigurationPlatforms) = postSolution
		{F58574DF-4A8F-4587-B18E-6E9CD83669E2}.Debug|Any CPU.ActiveCfg = Debug|Any CPU
		{F58574DF-4A8F-4587-B18E-6E9CD83669E2}.Debug|Any CPU.Build.0 = Debug|Any CPU
		{F58574DF-4A8F-4587-B18E-6E9CD83669E2}.Release|Any CPU.ActiveCfg = Release|Any CPU
		{F58574DF-4A8F-4587-B18E-6E9CD83669E2}.Release|Any CPU.Build.0 = Release|Any CPU
	EndGlobalSection
	GlobalSection(SolutionProperties) = preSolution
		HideSolutionNode = FALSE
	EndGlobalSection
	GlobalSection(ExtensibilityGlobals) = postSolution
		SolutionGuid = {3B081CBB-D8FA-4A11-8823-4F33322E6D5C}
	EndGlobalSection
EndGlobal
