
Microsoft Visual Studio Solution File, Format Version 12.00
# Visual Studio Version 17
VisualStudioVersion = 17.4.33213.308
MinimumVisualStudioVersion = 10.0.40219.1
Project("{9A19103F-16F7-4668-BE54-9A1E7A4F7556}") = "AirportLockerRental.UI", "AirportLockerRental.UI\AirportLockerRental.UI.csproj", "{5898EC84-5260-41EF-A8EB-6071C12B2CB9}"
EndProject
Project("{FAE04EC0-301F-11D3-BF4B-00C04F79EFBC}") = "AirportLockerRental.Tests", "AirportLockerRental.Tests\AirportLockerRental.Tests.csproj", "{2C19B0B1-D482-463B-AE98-8D046DAB529E}"
EndProject
Global
	GlobalSection(SolutionConfigurationPlatforms) = preSolution
		Debug|Any CPU = Debug|Any CPU
		Release|Any CPU = Release|Any CPU
	EndGlobalSection
	GlobalSection(ProjectConfigurationPlatforms) = postSolution
		{5898EC84-5260-41EF-A8EB-6071C12B2CB9}.Debug|Any CPU.ActiveCfg = Debug|Any CPU
		{5898EC84-5260-41EF-A8EB-6071C12B2CB9}.Debug|Any CPU.Build.0 = Debug|Any CPU
		{5898EC84-5260-41EF-A8EB-6071C12B2CB9}.Release|Any CPU.ActiveCfg = Release|Any CPU
		{5898EC84-5260-41EF-A8EB-6071C12B2CB9}.Release|Any CPU.Build.0 = Release|Any CPU
		{2C19B0B1-D482-463B-AE98-8D046DAB529E}.Debug|Any CPU.ActiveCfg = Debug|Any CPU
		{2C19B0B1-D482-463B-AE98-8D046DAB529E}.Debug|Any CPU.Build.0 = Debug|Any CPU
		{2C19B0B1-D482-463B-AE98-8D046DAB529E}.Release|Any CPU.ActiveCfg = Release|Any CPU
		{2C19B0B1-D482-463B-AE98-8D046DAB529E}.Release|Any CPU.Build.0 = Release|Any CPU
	EndGlobalSection
	GlobalSection(SolutionProperties) = preSolution
		HideSolutionNode = FALSE
	EndGlobalSection
	GlobalSection(ExtensibilityGlobals) = postSolution
		SolutionGuid = {3A00C26D-7A13-40FF-BEE1-4BFC4F416A7B}
	EndGlobalSection
EndGlobal
