
Microsoft Visual Studio Solution File, Format Version 12.00
# Visual Studio Version 17
VisualStudioVersion = 17.6.33723.286
MinimumVisualStudioVersion = 10.0.40219.1
Project("{FAE04EC0-301F-11D3-BF4B-00C04F79EFBC}") = "SlopeOfLine", "SlopeOfLine.csproj", "{7C95A107-2392-4902-8F61-2A9261B1D203}"
EndProject
Global
	GlobalSection(SolutionConfigurationPlatforms) = preSolution
		Debug|Any CPU = Debug|Any CPU
		Release|Any CPU = Release|Any CPU
	EndGlobalSection
	GlobalSection(ProjectConfigurationPlatforms) = postSolution
		{7C95A107-2392-4902-8F61-2A9261B1D203}.Debug|Any CPU.ActiveCfg = Debug|Any CPU
		{7C95A107-2392-4902-8F61-2A9261B1D203}.Debug|Any CPU.Build.0 = Debug|Any CPU
		{7C95A107-2392-4902-8F61-2A9261B1D203}.Release|Any CPU.ActiveCfg = Release|Any CPU
		{7C95A107-2392-4902-8F61-2A9261B1D203}.Release|Any CPU.Build.0 = Release|Any CPU
	EndGlobalSection
	GlobalSection(SolutionProperties) = preSolution
		HideSolutionNode = FALSE
	EndGlobalSection
	GlobalSection(ExtensibilityGlobals) = postSolution
		SolutionGuid = {DCDF0A48-9570-4F43-B34C-F88E2F19FB0D}
	EndGlobalSection
EndGlobal
