
Microsoft Visual Studio Solution File, Format Version 12.00
# Visual Studio Version 17
VisualStudioVersion = 17.4.33213.308
MinimumVisualStudioVersion = 10.0.40219.1
Project("{FAE04EC0-301F-11D3-BF4B-00C04F79EFBC}") = "ClassFields", "ClassFields.csproj", "{5A02D227-BF86-4BE3-A652-BBF18B9D1C39}"
EndProject
Global
	GlobalSection(SolutionConfigurationPlatforms) = preSolution
		Debug|Any CPU = Debug|Any CPU
		Release|Any CPU = Release|Any CPU
	EndGlobalSection
	GlobalSection(ProjectConfigurationPlatforms) = postSolution
		{5A02D227-BF86-4BE3-A652-BBF18B9D1C39}.Debug|Any CPU.ActiveCfg = Debug|Any CPU
		{5A02D227-BF86-4BE3-A652-BBF18B9D1C39}.Debug|Any CPU.Build.0 = Debug|Any CPU
		{5A02D227-BF86-4BE3-A652-BBF18B9D1C39}.Release|Any CPU.ActiveCfg = Release|Any CPU
		{5A02D227-BF86-4BE3-A652-BBF18B9D1C39}.Release|Any CPU.Build.0 = Release|Any CPU
	EndGlobalSection
	GlobalSection(SolutionProperties) = preSolution
		HideSolutionNode = FALSE
	EndGlobalSection
	GlobalSection(ExtensibilityGlobals) = postSolution
		SolutionGuid = {D79FB855-B554-4666-B933-3D8E17D0F513}
	EndGlobalSection
EndGlobal
